
Microsoft Visual Studio Solution File, Format Version 12.00
# Visual Studio Version 17
VisualStudioVersion = 17.11.35222.181
MinimumVisualStudioVersion = 10.0.40219.1
Project("{FAE04EC0-301F-11D3-BF4B-00C04F79EFBC}") = "GUI", "GUI\GUI.csproj", "{1036B901-381B-4462-96CE-B65C8AD264AF}"
EndProject
Project("{FAE04EC0-301F-11D3-BF4B-00C04F79EFBC}") = "DTO", "DTO\DTO.csproj", "{BC03AD9C-0FC9-4DD3-B966-A2218340145F}"
EndProject
Project("{FAE04EC0-301F-11D3-BF4B-00C04F79EFBC}") = "MyControls", "MyControls\MyControls.csproj", "{4674E1B0-2A3D-4AC9-8EDC-CF93ABA137B5}"
EndProject
Project("{FAE04EC0-301F-11D3-BF4B-00C04F79EFBC}") = "LINQ", "LINQ\LINQ.csproj", "{8DB9F02D-4B42-4DAB-AC7B-4A34E730C880}"
EndProject
Project("{FAE04EC0-301F-11D3-BF4B-00C04F79EFBC}") = "Services", "Services\Services.csproj", "{4859DEE4-61D4-48D9-99DD-2120FC3D8065}"
EndProject
Project("{FAE04EC0-301F-11D3-BF4B-00C04F79EFBC}") = "API", "API\API.csproj", "{7DF8AD2F-621F-401F-A7A5-285D4AD26BD8}"
EndProject
Global
	GlobalSection(SolutionConfigurationPlatforms) = preSolution
		Debug|Any CPU = Debug|Any CPU
		Release|Any CPU = Release|Any CPU
	EndGlobalSection
	GlobalSection(ProjectConfigurationPlatforms) = postSolution
		{1036B901-381B-4462-96CE-B65C8AD264AF}.Debug|Any CPU.ActiveCfg = Debug|Any CPU
		{1036B901-381B-4462-96CE-B65C8AD264AF}.Debug|Any CPU.Build.0 = Debug|Any CPU
		{1036B901-381B-4462-96CE-B65C8AD264AF}.Release|Any CPU.ActiveCfg = Release|Any CPU
		{1036B901-381B-4462-96CE-B65C8AD264AF}.Release|Any CPU.Build.0 = Release|Any CPU
		{BC03AD9C-0FC9-4DD3-B966-A2218340145F}.Debug|Any CPU.ActiveCfg = Debug|Any CPU
		{BC03AD9C-0FC9-4DD3-B966-A2218340145F}.Debug|Any CPU.Build.0 = Debug|Any CPU
		{BC03AD9C-0FC9-4DD3-B966-A2218340145F}.Release|Any CPU.ActiveCfg = Release|Any CPU
		{BC03AD9C-0FC9-4DD3-B966-A2218340145F}.Release|Any CPU.Build.0 = Release|Any CPU
		{4674E1B0-2A3D-4AC9-8EDC-CF93ABA137B5}.Debug|Any CPU.ActiveCfg = Debug|Any CPU
		{4674E1B0-2A3D-4AC9-8EDC-CF93ABA137B5}.Debug|Any CPU.Build.0 = Debug|Any CPU
		{4674E1B0-2A3D-4AC9-8EDC-CF93ABA137B5}.Release|Any CPU.ActiveCfg = Release|Any CPU
		{4674E1B0-2A3D-4AC9-8EDC-CF93ABA137B5}.Release|Any CPU.Build.0 = Release|Any CPU
		{8DB9F02D-4B42-4DAB-AC7B-4A34E730C880}.Debug|Any CPU.ActiveCfg = Debug|Any CPU
		{8DB9F02D-4B42-4DAB-AC7B-4A34E730C880}.Debug|Any CPU.Build.0 = Debug|Any CPU
		{8DB9F02D-4B42-4DAB-AC7B-4A34E730C880}.Release|Any CPU.ActiveCfg = Release|Any CPU
		{8DB9F02D-4B42-4DAB-AC7B-4A34E730C880}.Release|Any CPU.Build.0 = Release|Any CPU
		{4859DEE4-61D4-48D9-99DD-2120FC3D8065}.Debug|Any CPU.ActiveCfg = Debug|Any CPU
		{4859DEE4-61D4-48D9-99DD-2120FC3D8065}.Debug|Any CPU.Build.0 = Debug|Any CPU
		{4859DEE4-61D4-48D9-99DD-2120FC3D8065}.Release|Any CPU.ActiveCfg = Release|Any CPU
		{4859DEE4-61D4-48D9-99DD-2120FC3D8065}.Release|Any CPU.Build.0 = Release|Any CPU
		{7DF8AD2F-621F-401F-A7A5-285D4AD26BD8}.Debug|Any CPU.ActiveCfg = Debug|Any CPU
		{7DF8AD2F-621F-401F-A7A5-285D4AD26BD8}.Debug|Any CPU.Build.0 = Debug|Any CPU
		{7DF8AD2F-621F-401F-A7A5-285D4AD26BD8}.Release|Any CPU.ActiveCfg = Release|Any CPU
		{7DF8AD2F-621F-401F-A7A5-285D4AD26BD8}.Release|Any CPU.Build.0 = Release|Any CPU
	EndGlobalSection
	GlobalSection(SolutionProperties) = preSolution
		HideSolutionNode = FALSE
	EndGlobalSection
	GlobalSection(ExtensibilityGlobals) = postSolution
		SolutionGuid = {9C3EDA9B-EBC0-4D83-A503-306D28CFAE7C}
	EndGlobalSection
EndGlobal
